github.com/GabrielDillenburg/gabrieldillenburg-blog-theme v1.0.0 h1:cQaPpa/aZrvyoubMyc/z81JrNm+mewllOvZUG63OtP0=
github.com/GabrielDillenburg/gabrieldillenburg-blog-theme v1.0.0/go.mod h1:tYlERXcmeM+uUTR3s4B0NhlQKzUblhLPbDhO3RwY8/4=
github.com/GabrielDillenburg/gabrieldillenburg-blog-theme v1.0.1 h1:PLgHlWCYILz3rAnrjOzLIbvq1hbgFyLJ4B+Z2Kn4ngw=
github.com/GabrielDillenburg/gabrieldillenburg-blog-theme v1.0.1/go.mod h1:tYlERXcmeM+uUTR3s4B0NhlQKzUblhLPbDhO3RwY8/4=
github.com/GabrielDillenburg/gabrieldillenburg-blog-theme v1.0.2 h1:0P2HukercgVltQNO7sNW+cgcnY8WIeA9prHAM5xW0CQ=
github.com/GabrielDillenburg/gabrieldillenburg-blog-theme v1.0.2/go.mod h1:tYlERXcmeM+uUTR3s4B0NhlQKzUblhLPbDhO3RwY8/4=
github.com/GabrielDillenburg/gabrieldillenburg-blog-theme v1.0.3 h1:+xmCq2/Fye+6Q58z99B+MMV8qrNAXoDAdKz0PYIbv2c=
github.com/GabrielDillenburg/gabrieldillenburg-blog-theme v1.0.3/go.mod h1:tYlERXcmeM+uUTR3s4B0NhlQKzUblhLPbDhO3RwY8/4=
